
Microsoft Visual Studio Solution File, Format Version 12.00
# Visual Studio 15
VisualStudioVersion = 15.0.27004.2008
MinimumVisualStudioVersion = 10.0.40219.1
Project("{FAE04EC0-301F-11D3-BF4B-00C04F79EFBC}") = "ConnectedDesk", "ConnectedDesk\ConnectedDesk.csproj", "{0B25576F-5D1F-4EA7-9500-3BA61EA4A39B}"
EndProject
Global
	GlobalSection(SolutionConfigurationPlatforms) = preSolution
		Debug|Any CPU = Debug|Any CPU
		Release|Any CPU = Release|Any CPU
	EndGlobalSection
	GlobalSection(ProjectConfigurationPlatforms) = postSolution
		{0B25576F-5D1F-4EA7-9500-3BA61EA4A39B}.Debug|Any CPU.ActiveCfg = Debug|Any CPU
		{0B25576F-5D1F-4EA7-9500-3BA61EA4A39B}.Debug|Any CPU.Build.0 = Debug|Any CPU
		{0B25576F-5D1F-4EA7-9500-3BA61EA4A39B}.Release|Any CPU.ActiveCfg = Release|Any CPU
		{0B25576F-5D1F-4EA7-9500-3BA61EA4A39B}.Release|Any CPU.Build.0 = Release|Any CPU
	EndGlobalSection
	GlobalSection(SolutionProperties) = preSolution
		HideSolutionNode = FALSE
	EndGlobalSection
	GlobalSection(ExtensibilityGlobals) = postSolution
		SolutionGuid = {0DFF2E47-4E48-420C-BADB-74510E1A4362}
	EndGlobalSection
EndGlobal
